
Microsoft Visual Studio Solution File, Format Version 12.00
# Visual Studio Version 16
VisualStudioVersion = 16.0.29519.181
MinimumVisualStudioVersion = 10.0.40219.1
Project("{FAE04EC0-301F-11D3-BF4B-00C04F79EFBC}") = "File_organizer", "File_organizer\File_organizer.csproj", "{B7CFB57F-EB6F-41FF-B232-B37A10DB7585}"
EndProject
Global
	GlobalSection(SolutionConfigurationPlatforms) = preSolution
		Debug|Any CPU = Debug|Any CPU
		Release|Any CPU = Release|Any CPU
	EndGlobalSection
	GlobalSection(ProjectConfigurationPlatforms) = postSolution
		{B7CFB57F-EB6F-41FF-B232-B37A10DB7585}.Debug|Any CPU.ActiveCfg = Debug|Any CPU
		{B7CFB57F-EB6F-41FF-B232-B37A10DB7585}.Debug|Any CPU.Build.0 = Debug|Any CPU
		{B7CFB57F-EB6F-41FF-B232-B37A10DB7585}.Release|Any CPU.ActiveCfg = Release|Any CPU
		{B7CFB57F-EB6F-41FF-B232-B37A10DB7585}.Release|Any CPU.Build.0 = Release|Any CPU
	EndGlobalSection
	GlobalSection(SolutionProperties) = preSolution
		HideSolutionNode = FALSE
	EndGlobalSection
	GlobalSection(ExtensibilityGlobals) = postSolution
		SolutionGuid = {1E71F5D5-9262-42B6-80E5-C4A7BA7C70C8}
	EndGlobalSection
EndGlobal
